// !$*UTF8*$!
{
	archiveVersion = 1;
	classes = {
	};
	objectVersion = 50;
	objects = {

/* Begin PBXBuildFile section */
		3C78CD5D21C6F7E900385474 /* AppDelegate.swift in Sources */ = {isa = PBXBuildFile; fileRef = 3C78CD5C21C6F7E900385474 /* AppDelegate.swift */; };
		3C78CD5F21C6F7E900385474 /* LoginViewController.swift in Sources */ = {isa = PBXBuildFile; fileRef = 3C78CD5E21C6F7E900385474 /* LoginViewController.swift */; };
		3C78CD6221C6F7E900385474 /* Main.storyboard in Resources */ = {isa = PBXBuildFile; fileRef = 3C78CD6021C6F7E900385474 /* Main.storyboard */; };
		3C78CD6421C6F7EB00385474 /* Assets.xcassets in Resources */ = {isa = PBXBuildFile; fileRef = 3C78CD6321C6F7EB00385474 /* Assets.xcassets */; };
		3C78CD6721C6F7EB00385474 /* LaunchScreen.storyboard in Resources */ = {isa = PBXBuildFile; fileRef = 3C78CD6521C6F7EB00385474 /* LaunchScreen.storyboard */; };
		3CD8F61321CFB88F00C3BE43 /* FeedController.swift in Sources */ = {isa = PBXBuildFile; fileRef = 3CD8F61221CFB88F00C3BE43 /* FeedController.swift */; };
		3CD8F61521D0290600C3BE43 /* FeedCell.swift in Sources */ = {isa = PBXBuildFile; fileRef = 3CD8F61421D0290600C3BE43 /* FeedCell.swift */; };
		3CD8F61721D0470B00C3BE43 /* DetailsViewController.swift in Sources */ = {isa = PBXBuildFile; fileRef = 3CD8F61621D0470B00C3BE43 /* DetailsViewController.swift */; };
		3CF8E29921D3B6E800929DAE /* Feed.swift in Sources */ = {isa = PBXBuildFile; fileRef = 3CF8E29821D3B6E800929DAE /* Feed.swift */; };
		3CF8E29B21D3B71500929DAE /* Item.swift in Sources */ = {isa = PBXBuildFile; fileRef = 3CF8E29A21D3B71500929DAE /* Item.swift */; };
		3CF8E29D21D3B7C400929DAE /* Attachment.swift in Sources */ = {isa = PBXBuildFile; fileRef = 3CF8E29C21D3B7C400929DAE /* Attachment.swift */; };
		3CF8E29F21D3B80800929DAE /* History.swift in Sources */ = {isa = PBXBuildFile; fileRef = 3CF8E29E21D3B80800929DAE /* History.swift */; };
		3CF8E2A121D3B85A00929DAE /* Link.swift in Sources */ = {isa = PBXBuildFile; fileRef = 3CF8E2A021D3B85A00929DAE /* Link.swift */; };
		3CF8E2A321D3B87200929DAE /* Group.swift in Sources */ = {isa = PBXBuildFile; fileRef = 3CF8E2A221D3B87200929DAE /* Group.swift */; };
		3CF8E2A521D3B88900929DAE /* Photo.swift in Sources */ = {isa = PBXBuildFile; fileRef = 3CF8E2A421D3B88900929DAE /* Photo.swift */; };
		3CF8E2A721D3B96400929DAE /* Repost.swift in Sources */ = {isa = PBXBuildFile; fileRef = 3CF8E2A621D3B96400929DAE /* Repost.swift */; };
		3CF8E2A921D3B99F00929DAE /* Comment.swift in Sources */ = {isa = PBXBuildFile; fileRef = 3CF8E2A821D3B99F00929DAE /* Comment.swift */; };
		3CF8E2AB21D3B9BD00929DAE /* Likes.swift in Sources */ = {isa = PBXBuildFile; fileRef = 3CF8E2AA21D3B9BD00929DAE /* Likes.swift */; };
		3CF8E2AD21D4311900929DAE /* Profile.swift in Sources */ = {isa = PBXBuildFile; fileRef = 3CF8E2AC21D4311900929DAE /* Profile.swift */; };
		97511BEB84EAEEB61BEBA1AC /* Pods_Top_Comments.framework in Frameworks */ = {isa = PBXBuildFile; fileRef = 07BA445567453F5FAF9007D4 /* Pods_Top_Comments.framework */; };
/* End PBXBuildFile section */

/* Begin PBXFileReference section */
		07BA445567453F5FAF9007D4 /* Pods_Top_Comments.framework */ = {isa = PBXFileReference; explicitFileType = wrapper.framework; includeInIndex = 0; path = Pods_Top_Comments.framework; sourceTree = BUILT_PRODUCTS_DIR; };
		3C78CD5921C6F7E900385474 /* Top Comments.app */ = {isa = PBXFileReference; explicitFileType = wrapper.application; includeInIndex = 0; path = "Top Comments.app"; sourceTree = BUILT_PRODUCTS_DIR; };
		3C78CD5C21C6F7E900385474 /* AppDelegate.swift */ = {isa = PBXFileReference; lastKnownFileType = sourcecode.swift; path = AppDelegate.swift; sourceTree = "<group>"; };
		3C78CD5E21C6F7E900385474 /* LoginViewController.swift */ = {isa = PBXFileReference; lastKnownFileType = sourcecode.swift; path = LoginViewController.swift; sourceTree = "<group>"; };
		3C78CD6121C6F7E900385474 /* Base */ = {isa = PBXFileReference; lastKnownFileType = file.storyboard; name = Base; path = Base.lproj/Main.storyboard; sourceTree = "<group>"; };
		3C78CD6321C6F7EB00385474 /* Assets.xcassets */ = {isa = PBXFileReference; lastKnownFileType = folder.assetcatalog; path = Assets.xcassets; sourceTree = "<group>"; };
		3C78CD6621C6F7EB00385474 /* Base */ = {isa = PBXFileReference; lastKnownFileType = file.storyboard; name = Base; path = Base.lproj/LaunchScreen.storyboard; sourceTree = "<group>"; };
		3C78CD6821C6F7EB00385474 /* Info.plist */ = {isa = PBXFileReference; lastKnownFileType = text.plist.xml; path = Info.plist; sourceTree = "<group>"; };
		3CD8F61221CFB88F00C3BE43 /* FeedController.swift */ = {isa = PBXFileReference; lastKnownFileType = sourcecode.swift; path = FeedController.swift; sourceTree = "<group>"; };
		3CD8F61421D0290600C3BE43 /* FeedCell.swift */ = {isa = PBXFileReference; lastKnownFileType = sourcecode.swift; path = FeedCell.swift; sourceTree = "<group>"; };
		3CD8F61621D0470B00C3BE43 /* DetailsViewController.swift */ = {isa = PBXFileReference; lastKnownFileType = sourcecode.swift; path = DetailsViewController.swift; sourceTree = "<group>"; };
		3CF8E29821D3B6E800929DAE /* Feed.swift */ = {isa = PBXFileReference; lastKnownFileType = sourcecode.swift; path = Feed.swift; sourceTree = "<group>"; };
		3CF8E29A21D3B71500929DAE /* Item.swift */ = {isa = PBXFileReference; lastKnownFileType = sourcecode.swift; path = Item.swift; sourceTree = "<group>"; };
		3CF8E29C21D3B7C400929DAE /* Attachment.swift */ = {isa = PBXFileReference; lastKnownFileType = sourcecode.swift; path = Attachment.swift; sourceTree = "<group>"; };
		3CF8E29E21D3B80800929DAE /* History.swift */ = {isa = PBXFileReference; lastKnownFileType = sourcecode.swift; path = History.swift; sourceTree = "<group>"; };
		3CF8E2A021D3B85A00929DAE /* Link.swift */ = {isa = PBXFileReference; lastKnownFileType = sourcecode.swift; path = Link.swift; sourceTree = "<group>"; };
		3CF8E2A221D3B87200929DAE /* Group.swift */ = {isa = PBXFileReference; lastKnownFileType = sourcecode.swift; path = Group.swift; sourceTree = "<group>"; };
		3CF8E2A421D3B88900929DAE /* Photo.swift */ = {isa = PBXFileReference; lastKnownFileType = sourcecode.swift; path = Photo.swift; sourceTree = "<group>"; };
		3CF8E2A621D3B96400929DAE /* Repost.swift */ = {isa = PBXFileReference; lastKnownFileType = sourcecode.swift; path = Repost.swift; sourceTree = "<group>"; };
		3CF8E2A821D3B99F00929DAE /* Comment.swift */ = {isa = PBXFileReference; lastKnownFileType = sourcecode.swift; path = Comment.swift; sourceTree = "<group>"; };
		3CF8E2AA21D3B9BD00929DAE /* Likes.swift */ = {isa = PBXFileReference; lastKnownFileType = sourcecode.swift; path = Likes.swift; sourceTree = "<group>"; };
		3CF8E2AC21D4311900929DAE /* Profile.swift */ = {isa = PBXFileReference; lastKnownFileType = sourcecode.swift; path = Profile.swift; sourceTree = "<group>"; };
		77C983FBD2004A09BD86F02F /* Pods-Top Comments.debug.xcconfig */ = {isa = PBXFileReference; includeInIndex = 1; lastKnownFileType = text.xcconfig; name = "Pods-Top Comments.debug.xcconfig"; path = "Pods/Target Support Files/Pods-Top Comments/Pods-Top Comments.debug.xcconfig"; sourceTree = "<group>"; };
		DFC574D3205CD21C7F62AF7D /* Pods-Top Comments.release.xcconfig */ = {isa = PBXFileReference; includeInIndex = 1; lastKnownFileType = text.xcconfig; name = "Pods-Top Comments.release.xcconfig"; path = "Pods/Target Support Files/Pods-Top Comments/Pods-Top Comments.release.xcconfig"; sourceTree = "<group>"; };
/* End PBXFileReference section */

/* Begin PBXFrameworksBuildPhase section */
		3C78CD5621C6F7E900385474 /* Frameworks */ = {
			isa = PBXFrameworksBuildPhase;
			buildActionMask = 2147483647;
			files = (
				97511BEB84EAEEB61BEBA1AC /* Pods_Top_Comments.framework in Frameworks */,
			);
			runOnlyForDeploymentPostprocessing = 0;
		};
/* End PBXFrameworksBuildPhase section */

/* Begin PBXGroup section */
		3C78CD5021C6F7E900385474 = {
			isa = PBXGroup;
			children = (
				3C78CD5B21C6F7E900385474 /* Top Comments */,
				3C78CD5A21C6F7E900385474 /* Products */,
				B9FCCF15414E8D337E8FF174 /* Pods */,
				D017B5780C0DA7E22CCFF227 /* Frameworks */,
			);
			sourceTree = "<group>";
		};
		3C78CD5A21C6F7E900385474 /* Products */ = {
			isa = PBXGroup;
			children = (
				3C78CD5921C6F7E900385474 /* Top Comments.app */,
			);
			name = Products;
			sourceTree = "<group>";
		};
		3C78CD5B21C6F7E900385474 /* Top Comments */ = {
			isa = PBXGroup;
			children = (
				3CF8E29721D3B6CE00929DAE /* Model */,
				3C78CD5C21C6F7E900385474 /* AppDelegate.swift */,
				3C78CD5E21C6F7E900385474 /* LoginViewController.swift */,
				3C78CD6021C6F7E900385474 /* Main.storyboard */,
				3C78CD6321C6F7EB00385474 /* Assets.xcassets */,
				3C78CD6521C6F7EB00385474 /* LaunchScreen.storyboard */,
				3C78CD6821C6F7EB00385474 /* Info.plist */,
				3CD8F61221CFB88F00C3BE43 /* FeedController.swift */,
				3CD8F61421D0290600C3BE43 /* FeedCell.swift */,
				3CD8F61621D0470B00C3BE43 /* DetailsViewController.swift */,
			);
			path = "Top Comments";
			sourceTree = "<group>";
		};
		3CF8E29721D3B6CE00929DAE /* Model */ = {
			isa = PBXGroup;
			children = (
				3CF8E29821D3B6E800929DAE /* Feed.swift */,
				3CF8E29A21D3B71500929DAE /* Item.swift */,
				3CF8E29C21D3B7C400929DAE /* Attachment.swift */,
				3CF8E29E21D3B80800929DAE /* History.swift */,
				3CF8E2A021D3B85A00929DAE /* Link.swift */,
				3CF8E2A221D3B87200929DAE /* Group.swift */,
				3CF8E2A421D3B88900929DAE /* Photo.swift */,
				3CF8E2A621D3B96400929DAE /* Repost.swift */,
				3CF8E2A821D3B99F00929DAE /* Comment.swift */,
				3CF8E2AA21D3B9BD00929DAE /* Likes.swift */,
				3CF8E2AC21D4311900929DAE /* Profile.swift */,
			);
			path = Model;
			sourceTree = "<group>";
		};
		B9FCCF15414E8D337E8FF174 /* Pods */ = {
			isa = PBXGroup;
			children = (
				77C983FBD2004A09BD86F02F /* Pods-Top Comments.debug.xcconfig */,
				DFC574D3205CD21C7F62AF7D /* Pods-Top Comments.release.xcconfig */,
			);
			name = Pods;
			sourceTree = "<group>";
		};
		D017B5780C0DA7E22CCFF227 /* Frameworks */ = {
			isa = PBXGroup;
			children = (
				07BA445567453F5FAF9007D4 /* Pods_Top_Comments.framework */,
			);
			name = Frameworks;
			sourceTree = "<group>";
		};
/* End PBXGroup section */

/* Begin PBXNativeTarget section */
		3C78CD5821C6F7E900385474 /* Top Comments */ = {
			isa = PBXNativeTarget;
			buildConfigurationList = 3C78CD6B21C6F7EB00385474 /* Build configuration list for PBXNativeTarget "Top Comments" */;
			buildPhases = (
				14DA5511D46BB3F0448724E7 /* [CP] Check Pods Manifest.lock */,
				3C78CD5521C6F7E900385474 /* Sources */,
				3C78CD5621C6F7E900385474 /* Frameworks */,
				3C78CD5721C6F7E900385474 /* Resources */,
				4F1FA52DD8F66EE81786BC55 /* [CP] Embed Pods Frameworks */,
			);
			buildRules = (
			);
			dependencies = (
			);
			name = "Top Comments";
			productName = "Top Comments";
			productReference = 3C78CD5921C6F7E900385474 /* Top Comments.app */;
			productType = "com.apple.product-type.application";
		};
/* End PBXNativeTarget section */

/* Begin PBXProject section */
		3C78CD5121C6F7E900385474 /* Project object */ = {
			isa = PBXProject;
			attributes = {
				LastSwiftUpdateCheck = 1010;
				LastUpgradeCheck = 1010;
				ORGANIZATIONNAME = "Kirill Gudkov";
				TargetAttributes = {
					3C78CD5821C6F7E900385474 = {
						CreatedOnToolsVersion = 10.1;
					};
				};
			};
			buildConfigurationList = 3C78CD5421C6F7E900385474 /* Build configuration list for PBXProject "Top Comments" */;
			compatibilityVersion = "Xcode 9.3";
			developmentRegion = en;
			hasScannedForEncodings = 0;
			knownRegions = (
				en,
				Base,
			);
			mainGroup = 3C78CD5021C6F7E900385474;
			productRefGroup = 3C78CD5A21C6F7E900385474 /* Products */;
			projectDirPath = "";
			projectRoot = "";
			targets = (
				3C78CD5821C6F7E900385474 /* Top Comments */,
			);
		};
/* End PBXProject section */

/* Begin PBXResourcesBuildPhase section */
		3C78CD5721C6F7E900385474 /* Resources */ = {
			isa = PBXResourcesBuildPhase;
			buildActionMask = 2147483647;
			files = (
				3C78CD6721C6F7EB00385474 /* LaunchScreen.storyboard in Resources */,
				3C78CD6421C6F7EB00385474 /* Assets.xcassets in Resources */,
				3C78CD6221C6F7E900385474 /* Main.storyboard in Resources */,
			);
			runOnlyForDeploymentPostprocessing = 0;
		};
/* End PBXResourcesBuildPhase section */

/* Begin PBXShellScriptBuildPhase section */
		14DA5511D46BB3F0448724E7 /* [CP] Check Pods Manifest.lock */ = {
			isa = PBXShellScriptBuildPhase;
			buildActionMask = 2147483647;
			files = (
			);
			inputFileListPaths = (
			);
			inputPaths = (
				"${PODS_PODFILE_DIR_PATH}/Podfile.lock",
				"${PODS_ROOT}/Manifest.lock",
			);
			name = "[CP] Check Pods Manifest.lock";
			outputFileListPaths = (
			);
			outputPaths = (
				"$(DERIVED_FILE_DIR)/Pods-Top Comments-checkManifestLockResult.txt",
			);
			runOnlyForDeploymentPostprocessing = 0;
			shellPath = /bin/sh;
			shellScript = "diff \"${PODS_PODFILE_DIR_PATH}/Podfile.lock\" \"${PODS_ROOT}/Manifest.lock\" > /dev/null\nif [ $? != 0 ] ; then\n    # print error to STDERR\n    echo \"error: The sandbox is not in sync with the Podfile.lock. Run 'pod install' or update your CocoaPods installation.\" >&2\n    exit 1\nfi\n# This output is used by Xcode 'outputs' to avoid re-running this script phase.\necho \"SUCCESS\" > \"${SCRIPT_OUTPUT_FILE_0}\"\n";
			showEnvVarsInLog = 0;
		};
		4F1FA52DD8F66EE81786BC55 /* [CP] Embed Pods Frameworks */ = {
			isa = PBXShellScriptBuildPhase;
			buildActionMask = 2147483647;
			files = (
			);
			inputFileListPaths = (
			);
			inputPaths = (
				"${SRCROOT}/Pods/Target Support Files/Pods-Top Comments/Pods-Top Comments-frameworks.sh",
				"${BUILT_PRODUCTS_DIR}/Nuke/Nuke.framework",
				"${BUILT_PRODUCTS_DIR}/VK-ios-sdk/VK_ios_sdk.framework",
			);
			name = "[CP] Embed Pods Frameworks";
			outputFileListPaths = (
			);
			outputPaths = (
				"${TARGET_BUILD_DIR}/${FRAMEWORKS_FOLDER_PATH}/Nuke.framework",
				"${TARGET_BUILD_DIR}/${FRAMEWORKS_FOLDER_PATH}/VK_ios_sdk.framework",
			);
			runOnlyForDeploymentPostprocessing = 0;
			shellPath = /bin/sh;
			shellScript = "\"${SRCROOT}/Pods/Target Support Files/Pods-Top Comments/Pods-Top Comments-frameworks.sh\"\n";
			showEnvVarsInLog = 0;
		};
/* End PBXShellScriptBuildPhase section */

/* Begin PBXSourcesBuildPhase section */
		3C78CD5521C6F7E900385474 /* Sources */ = {
			isa = PBXSourcesBuildPhase;
			buildActionMask = 2147483647;
			files = (
				3CF8E2A521D3B88900929DAE /* Photo.swift in Sources */,
				3CF8E2A721D3B96400929DAE /* Repost.swift in Sources */,
				3CF8E2A321D3B87200929DAE /* Group.swift in Sources */,
				3CF8E2A921D3B99F00929DAE /* Comment.swift in Sources */,
				3CF8E2AB21D3B9BD00929DAE /* Likes.swift in Sources */,
				3CF8E29F21D3B80800929DAE /* History.swift in Sources */,
				3C78CD5F21C6F7E900385474 /* LoginViewController.swift in Sources */,
				3CF8E29921D3B6E800929DAE /* Feed.swift in Sources */,
				3CD8F61521D0290600C3BE43 /* FeedCell.swift in Sources */,
				3CF8E2AD21D4311900929DAE /* Profile.swift in Sources */,
				3CD8F61321CFB88F00C3BE43 /* FeedController.swift in Sources */,
				3CF8E29D21D3B7C400929DAE /* Attachment.swift in Sources */,
				3CF8E29B21D3B71500929DAE /* Item.swift in Sources */,
				3C78CD5D21C6F7E900385474 /* AppDelegate.swift in Sources */,
				3CD8F61721D0470B00C3BE43 /* DetailsViewController.swift in Sources */,
				3CF8E2A121D3B85A00929DAE /* Link.swift in Sources */,
			);
			runOnlyForDeploymentPostprocessing = 0;
		};
/* End PBXSourcesBuildPhase section */

/* Begin PBXVariantGroup section */
		3C78CD6021C6F7E900385474 /* Main.storyboard */ = {
			isa = PBXVariantGroup;
			children = (
				3C78CD6121C6F7E900385474 /* Base */,
			);
			name = Main.storyboard;
			sourceTree = "<group>";
		};
		3C78CD6521C6F7EB00385474 /* LaunchScreen.storyboard */ = {
			isa = PBXVariantGroup;
			children = (
				3C78CD6621C6F7EB00385474 /* Base */,
			);
			name = LaunchScreen.storyboard;
			sourceTree = "<group>";
		};
/* End PBXVariantGroup section */

/* Begin XCBuildConfiguration section */
		3C78CD6921C6F7EB00385474 /* Debug */ = {
			isa = XCBuildConfiguration;
			buildSettings = {
				ALWAYS_SEARCH_USER_PATHS = NO;
				CLANG_ANALYZER_NONNULL = YES;
				CLANG_ANALYZER_NUMBER_OBJECT_CONVERSION = YES_AGGRESSIVE;
				CLANG_CXX_LANGUAGE_STANDARD = "gnu++14";
				CLANG_CXX_LIBRARY = "libc++";
				CLANG_ENABLE_MODULES = YES;
				CLANG_ENABLE_OBJC_ARC = YES;
				CLANG_ENABLE_OBJC_WEAK = YES;
				CLANG_WARN_BLOCK_CAPTURE_AUTORELEASING = YES;
				CLANG_WARN_BOOL_CONVERSION = YES;
				CLANG_WARN_COMMA = YES;
				CLANG_WARN_CONSTANT_CONVERSION = YES;
				CLANG_WARN_DEPRECATED_OBJC_IMPLEMENTATIONS = YES;
				CLANG_WARN_DIRECT_OBJC_ISA_USAGE = YES_ERROR;
				CLANG_WARN_DOCUMENTATION_COMMENTS = YES;
				CLANG_WARN_EMPTY_BODY = YES;
				CLANG_WARN_ENUM_CONVERSION = YES;
				CLANG_WARN_INFINITE_RECURSION = YES;
				CLANG_WARN_INT_CONVERSION = YES;
				CLANG_WARN_NON_LITERAL_NULL_CONVERSION = YES;
				CLANG_WARN_OBJC_IMPLICIT_RETAIN_SELF = YES;
				CLANG_WARN_OBJC_LITERAL_CONVERSION = YES;
				CLANG_WARN_OBJC_ROOT_CLASS = YES_ERROR;
				CLANG_WARN_RANGE_LOOP_ANALYSIS = YES;
				CLANG_WARN_STRICT_PROTOTYPES = YES;
				CLANG_WARN_SUSPICIOUS_MOVE = YES;
				CLANG_WARN_UNGUARDED_AVAILABILITY = YES_AGGRESSIVE;
				CLANG_WARN_UNREACHABLE_CODE = YES;
				CLANG_WARN__DUPLICATE_METHOD_MATCH = YES;
				CODE_SIGN_IDENTITY = "iPhone Developer";
				COPY_PHASE_STRIP = NO;
				DEBUG_INFORMATION_FORMAT = dwarf;
				ENABLE_STRICT_OBJC_MSGSEND = YES;
				ENABLE_TESTABILITY = YES;
				GCC_C_LANGUAGE_STANDARD = gnu11;
				GCC_DYNAMIC_NO_PIC = NO;
				GCC_NO_COMMON_BLOCKS = YES;
				GCC_OPTIMIZATION_LEVEL = 0;
				GCC_PREPROCESSOR_DEFINITIONS = (
					"DEBUG=1",
					"$(inherited)",
				);
				GCC_WARN_64_TO_32_BIT_CONVERSION = YES;
				GCC_WARN_ABOUT_RETURN_TYPE = YES_ERROR;
				GCC_WARN_UNDECLARED_SELECTOR = YES;
				GCC_WARN_UNINITIALIZED_AUTOS = YES_AGGRESSIVE;
				GCC_WARN_UNUSED_FUNCTION = YES;
				GCC_WARN_UNUSED_VARIABLE = YES;
				IPHONEOS_DEPLOYMENT_TARGET = 12.1;
				MTL_ENABLE_DEBUG_INFO = INCLUDE_SOURCE;
				MTL_FAST_MATH = YES;
				ONLY_ACTIVE_ARCH = YES;
				SDKROOT = iphoneos;
				SWIFT_ACTIVE_COMPILATION_CONDITIONS = DEBUG;
				SWIFT_OPTIMIZATION_LEVEL = "-Onone";
			};
			name = Debug;
		};
		3C78CD6A21C6F7EB00385474 /* Release */ = {
			isa = XCBuildConfiguration;
			buildSettings = {
				ALWAYS_SEARCH_USER_PATHS = NO;
				CLANG_ANALYZER_NONNULL = YES;
				CLANG_ANALYZER_NUMBER_OBJECT_CONVERSION = YES_AGGRESSIVE;
				CLANG_CXX_LANGUAGE_STANDARD = "gnu++14";
				CLANG_CXX_LIBRARY = "libc++";
				CLANG_ENABLE_MODULES = YES;
				CLANG_ENABLE_OBJC_ARC = YES;
				CLANG_ENABLE_OBJC_WEAK = YES;
				CLANG_WARN_BLOCK_CAPTURE_AUTORELEASING = YES;
				CLANG_WARN_BOOL_CONVERSION = YES;
				CLANG_WARN_COMMA = YES;
				CLANG_WARN_CONSTANT_CONVERSION = YES;
				CLANG_WARN_DEPRECATED_OBJC_IMPLEMENTATIONS = YES;
				CLANG_WARN_DIRECT_OBJC_ISA_USAGE = YES_ERROR;
				CLANG_WARN_DOCUMENTATION_COMMENTS = YES;
				CLANG_WARN_EMPTY_BODY = YES;
				CLANG_WARN_ENUM_CONVERSION = YES;
				CLANG_WARN_INFINITE_RECURSION = YES;
				CLANG_WARN_INT_CONVERSION = YES;
				CLANG_WARN_NON_LITERAL_NULL_CONVERSION = YES;
				CLANG_WARN_OBJC_IMPLICIT_RETAIN_SELF = YES;
				CLANG_WARN_OBJC_LITERAL_CONVERSION = YES;
				CLANG_WARN_OBJC_ROOT_CLASS = YES_ERROR;
				CLANG_WARN_RANGE_LOOP_ANALYSIS = YES;
				CLANG_WARN_STRICT_PROTOTYPES = YES;
				CLANG_WARN_SUSPICIOUS_MOVE = YES;
				CLANG_WARN_UNGUARDED_AVAILABILITY = YES_AGGRESSIVE;
				CLANG_WARN_UNREACHABLE_CODE = YES;
				CLANG_WARN__DUPLICATE_METHOD_MATCH = YES;
				CODE_SIGN_IDENTITY = "iPhone Developer";
				COPY_PHASE_STRIP = NO;
				DEBUG_INFORMATION_FORMAT = "dwarf-with-dsym";
				ENABLE_NS_ASSERTIONS = NO;
				ENABLE_STRICT_OBJC_MSGSEND = YES;
				GCC_C_LANGUAGE_STANDARD = gnu11;
				GCC_NO_COMMON_BLOCKS = YES;
				GCC_WARN_64_TO_32_BIT_CONVERSION = YES;
				GCC_WARN_ABOUT_RETURN_TYPE = YES_ERROR;
				GCC_WARN_UNDECLARED_SELECTOR = YES;
				GCC_WARN_UNINITIALIZED_AUTOS = YES_AGGRESSIVE;
				GCC_WARN_UNUSED_FUNCTION = YES;
				GCC_WARN_UNUSED_VARIABLE = YES;
				IPHONEOS_DEPLOYMENT_TARGET = 12.1;
				MTL_ENABLE_DEBUG_INFO = NO;
				MTL_FAST_MATH = YES;
				SDKROOT = iphoneos;
				SWIFT_COMPILATION_MODE = wholemodule;
				SWIFT_OPTIMIZATION_LEVEL = "-O";
				VALIDATE_PRODUCT = YES;
			};
			name = Release;
		};
		3C78CD6C21C6F7EB00385474 /* Debug */ = {
			isa = XCBuildConfiguration;
			baseConfigurationReference = 77C983FBD2004A09BD86F02F /* Pods-Top Comments.debug.xcconfig */;
			buildSettings = {
				ASSETCATALOG_COMPILER_APPICON_NAME = AppIcon;
				CODE_SIGN_IDENTITY = "iPhone Developer";
				CODE_SIGN_STYLE = Automatic;
				DEVELOPMENT_TEAM = "";
				INFOPLIST_FILE = "Top Comments/Info.plist";
				IPHONEOS_DEPLOYMENT_TARGET = 10.0;
				LD_RUNPATH_SEARCH_PATHS = (
					"$(inherited)",
					"@executable_path/Frameworks",
				);
				PRODUCT_BUNDLE_IDENTIFIER = kirill.topcomments;
				PRODUCT_NAME = "$(TARGET_NAME)";
				PROVISIONING_PROFILE_SPECIFIER = "";
				SWIFT_VERSION = 4.2;
				TARGETED_DEVICE_FAMILY = 1;
			};
			name = Debug;
		};
		3C78CD6D21C6F7EB00385474 /* Release */ = {
			isa = XCBuildConfiguration;
			baseConfigurationReference = DFC574D3205CD21C7F62AF7D /* Pods-Top Comments.release.xcconfig */;
			buildSettings = {
				ASSETCATALOG_COMPILER_APPICON_NAME = AppIcon;
				CODE_SIGN_IDENTITY = "iPhone Developer";
				CODE_SIGN_STYLE = Automatic;
				DEVELOPMENT_TEAM = "";
				INFOPLIST_FILE = "Top Comments/Info.plist";
				IPHONEOS_DEPLOYMENT_TARGET = 10.0;
				LD_RUNPATH_SEARCH_PATHS = (
					"$(inherited)",
					"@executable_path/Frameworks",
				);
				PRODUCT_BUNDLE_IDENTIFIER = kirill.topcomments;
				PRODUCT_NAME = "$(TARGET_NAME)";
				PROVISIONING_PROFILE_SPECIFIER = "";
				SWIFT_VERSION = 4.2;
				TARGETED_DEVICE_FAMILY = 1;
			};
			name = Release;
		};
/* End XCBuildConfiguration section */

/* Begin XCConfigurationList section */
		3C78CD5421C6F7E900385474 /* Build configuration list for PBXProject "Top Comments" */ = {
			isa = XCConfigurationList;
			buildConfigurations = (
				3C78CD6921C6F7EB00385474 /* Debug */,
				3C78CD6A21C6F7EB00385474 /* Release */,
			);
			defaultConfigurationIsVisible = 0;
			defaultConfigurationName = Release;
		};
		3C78CD6B21C6F7EB00385474 /* Build configuration list for PBXNativeTarget "Top Comments" */ = {
			isa = XCConfigurationList;
			buildConfigurations = (
				3C78CD6C21C6F7EB00385474 /* Debug */,
				3C78CD6D21C6F7EB00385474 /* Release */,
			);
			defaultConfigurationIsVisible = 0;
			defaultConfigurationName = Release;
		};
/* End XCConfigurationList section */
	};
	rootObject = 3C78CD5121C6F7E900385474 /* Project object */;
}
